// !$*UTF8*$!
{
	archiveVersion = 1;
	classes = {
	};
	objectVersion = 46;
	objects = {

/* Begin PBXBuildFile section */
		1D3623260D0F684500981E51 /* FieldToolsAppDelegate.m in Sources */ = {isa = PBXBuildFile; fileRef = 1D3623250D0F684500981E51 /* FieldToolsAppDelegate.m */; };
		1D60589B0D05DD56006BFB54 /* main.m in Sources */ = {isa = PBXBuildFile; fileRef = 29B97316FDCFA39411CA2CEA /* main.m */; };
		1D60589F0D05DD5A006BFB54 /* Foundation.framework in Frameworks */ = {isa = PBXBuildFile; fileRef = 1D30AB110D05D00D00671497 /* Foundation.framework */; };
		1DF5F4E00D08C38300B7A737 /* UIKit.framework in Frameworks */ = {isa = PBXBuildFile; fileRef = 1DF5F4DF0D08C38300B7A737 /* UIKit.framework */; };
		2892E4100DC94CBA00A64D0F /* CoreGraphics.framework in Frameworks */ = {isa = PBXBuildFile; fileRef = 2892E40F0DC94CBA00A64D0F /* CoreGraphics.framework */; };
		2899E5600DE3E45000AC0155 /* MainView.xib in Resources */ = {isa = PBXBuildFile; fileRef = 2899E55F0DE3E45000AC0155 /* MainView.xib */; };
		28AD73600D9D9599002E5188 /* MainWindow.xib in Resources */ = {isa = PBXBuildFile; fileRef = 28AD735F0D9D9599002E5188 /* MainWindow.xib */; };
		28C286E10D94DF7D0034E888 /* MainViewController.m in Sources */ = {isa = PBXBuildFile; fileRef = 28C286E00D94DF7D0034E888 /* MainViewController.m */; };
		A200F9D71254190F006689F9 /* Default@2x.png in Resources */ = {isa = PBXBuildFile; fileRef = A200F9D31254190F006689F9 /* Default@2x.png */; };
		A200F9D81254190F006689F9 /* FieldTools-Small.png in Resources */ = {isa = PBXBuildFile; fileRef = A200F9D41254190F006689F9 /* FieldTools-Small.png */; };
		A200F9D91254190F006689F9 /* FieldTools-Small@2x.png in Resources */ = {isa = PBXBuildFile; fileRef = A200F9D51254190F006689F9 /* FieldTools-Small@2x.png */; };
		A200F9DA1254190F006689F9 /* FieldTools@2x.png in Resources */ = {isa = PBXBuildFile; fileRef = A200F9D61254190F006689F9 /* FieldTools@2x.png */; };
		A200F9E412541ABA006689F9 /* distanceArrows@2x.png in Resources */ = {isa = PBXBuildFile; fileRef = A200F9E212541ABA006689F9 /* distanceArrows@2x.png */; };
		A200F9E512541ABA006689F9 /* sliderTrack@2x.png in Resources */ = {isa = PBXBuildFile; fileRef = A200F9E312541ABA006689F9 /* sliderTrack@2x.png */; };
		A2027E870F7E8DF7003A1BBD /* distanceArrows.png in Resources */ = {isa = PBXBuildFile; fileRef = A2027E860F7E8DF7003A1BBD /* distanceArrows.png */; };
		A20D30630F7B333900A744C3 /* DistanceFormatter.m in Sources */ = {isa = PBXBuildFile; fileRef = A20D30620F7B333900A744C3 /* DistanceFormatter.m */; };
		A21DCD6D10EE748300139D93 /* DepthOfFieldCalculator.m in Sources */ = {isa = PBXBuildFile; fileRef = A21DCD6C10EE748300139D93 /* DepthOfFieldCalculator.m */; };
		A21DCDA510EE7EE600139D93 /* DepthOfFieldCalculator.m in Sources */ = {isa = PBXBuildFile; fileRef = A21DCD6C10EE748300139D93 /* DepthOfFieldCalculator.m */; };
		A222FE84130729C600C0020B /* sliderThumbHighlighted.png in Resources */ = {isa = PBXBuildFile; fileRef = A222FE82130729C600C0020B /* sliderThumbHighlighted.png */; };
		A222FE85130729C600C0020B /* sliderThumbNormal.png in Resources */ = {isa = PBXBuildFile; fileRef = A222FE83130729C600C0020B /* sliderThumbNormal.png */; };
		A22C2452104387A1005BC94C /* CoC.plist in Resources */ = {isa = PBXBuildFile; fileRef = A22C2451104387A1005BC94C /* CoC.plist */; };
		A22F4A560FC65326003A5E26 /* FlipsideTableViewDelegate.m in Sources */ = {isa = PBXBuildFile; fileRef = A22F4A550FC65326003A5E26 /* FlipsideTableViewDelegate.m */; };
		A22F4A730FC654F0003A5E26 /* FlipsideNonEditingTableViewDelegate.m in Sources */ = {isa = PBXBuildFile; fileRef = A22F4A720FC654F0003A5E26 /* FlipsideNonEditingTableViewDelegate.m */; };
		A22F4A920FC65793003A5E26 /* FlipsideEditingTableViewDelegate.m in Sources */ = {isa = PBXBuildFile; fileRef = A22F4A910FC65793003A5E26 /* FlipsideEditingTableViewDelegate.m */; };
		A237E63F12AAF4F00089862B /* Camera.m in Sources */ = {isa = PBXBuildFile; fileRef = A237E63C12AAF4F00089862B /* Camera.m */; };
		A237E64012AAF4F00089862B /* CameraBag.m in Sources */ = {isa = PBXBuildFile; fileRef = A237E63E12AAF4F00089862B /* CameraBag.m */; };
		A24E52DE11B5DD3E00516BE3 /* DistanceRange.m in Sources */ = {isa = PBXBuildFile; fileRef = A24E52DD11B5DD3E00516BE3 /* DistanceRange.m */; };
		A24E52DF11B5DD3E00516BE3 /* DistanceRange.m in Sources */ = {isa = PBXBuildFile; fileRef = A24E52DD11B5DD3E00516BE3 /* DistanceRange.m */; };
		A24EF5790ECA853C001A7B46 /* Localizable.strings in Resources */ = {isa = PBXBuildFile; fileRef = A24EF5770ECA853C001A7B46 /* Localizable.strings */; };
		A24EF5BE0ECA8E22001A7B46 /* FieldTools.png in Resources */ = {isa = PBXBuildFile; fileRef = A24EF5BD0ECA8E22001A7B46 /* FieldTools.png */; };
		A24EF5EC0ECA9415001A7B46 /* MainView.m in Sources */ = {isa = PBXBuildFile; fileRef = A24EF5EB0ECA9415001A7B46 /* MainView.m */; };
		A24FF4A40FE0C4DD0073BC03 /* CameraViewTableDataSource.m in Sources */ = {isa = PBXBuildFile; fileRef = A24FF4A30FE0C4DD0073BC03 /* CameraViewTableDataSource.m */; };
		A25BDF3410479BFE00B22B2B /* Lens.m in Sources */ = {isa = PBXBuildFile; fileRef = A25BDF3310479BFE00B22B2B /* Lens.m */; };
		A261F8C90FDCCA3600C907AD /* CameraViewController.m in Sources */ = {isa = PBXBuildFile; fileRef = A261F8C80FDCCA3600C907AD /* CameraViewController.m */; };
		A261F8CF0FDCCAAA00C907AD /* CameraView.xib in Resources */ = {isa = PBXBuildFile; fileRef = A261F8CE0FDCCAAA00C907AD /* CameraView.xib */; };
		A265A28810F6EA9F00678796 /* DistanceFormatter.m in Sources */ = {isa = PBXBuildFile; fileRef = A20D30620F7B333900A744C3 /* DistanceFormatter.m */; };
		A265A28D10F6EDDC00678796 /* DistanceFormatterTests.m in Sources */ = {isa = PBXBuildFile; fileRef = A265A28C10F6EDDC00678796 /* DistanceFormatterTests.m */; };
		A265A28F10F6EDF700678796 /* DepthOfFieldCalculatorTests.m in Sources */ = {isa = PBXBuildFile; fileRef = A265A28E10F6EDF700678796 /* DepthOfFieldCalculatorTests.m */; };
		A265A29A10F6F00B00678796 /* UserDefaults.m in Sources */ = {isa = PBXBuildFile; fileRef = A265A29910F6F00B00678796 /* UserDefaults.m */; };
		A265A29B10F6F00B00678796 /* UserDefaults.m in Sources */ = {isa = PBXBuildFile; fileRef = A265A29910F6F00B00678796 /* UserDefaults.m */; };
		A265A2AE10F6F1D600678796 /* Localizable.strings in Resources */ = {isa = PBXBuildFile; fileRef = A24EF5770ECA853C001A7B46 /* Localizable.strings */; };
		A2747BA512E25617002731EC /* OBSlider.m in Sources */ = {isa = PBXBuildFile; fileRef = A2747BA412E25617002731EC /* OBSlider.m */; };
		A2747BBE12E2803B002731EC /* SubjectDistanceSlider.m in Sources */ = {isa = PBXBuildFile; fileRef = A2747BBD12E2803B002731EC /* SubjectDistanceSlider.m */; };
		A2747BC212E2804B002731EC /* FocalLengthSlider.m in Sources */ = {isa = PBXBuildFile; fileRef = A2747BC112E2804B002731EC /* FocalLengthSlider.m */; };
		A28082D911BBFAF70057669F /* StandardSubjectDistanceSliderPolicy.m in Sources */ = {isa = PBXBuildFile; fileRef = A28082D811BBFAF70057669F /* StandardSubjectDistanceSliderPolicy.m */; };
		A28082DA11BBFAF70057669F /* StandardSubjectDistanceSliderPolicy.m in Sources */ = {isa = PBXBuildFile; fileRef = A28082D811BBFAF70057669F /* StandardSubjectDistanceSliderPolicy.m */; };
		A28082E111BBFBA80057669F /* StandardMetricSubjectDistanceSliderPolicy.m in Sources */ = {isa = PBXBuildFile; fileRef = A28082E011BBFBA80057669F /* StandardMetricSubjectDistanceSliderPolicy.m */; };
		A28082E211BBFBA80057669F /* StandardMetricSubjectDistanceSliderPolicy.m in Sources */ = {isa = PBXBuildFile; fileRef = A28082E011BBFBA80057669F /* StandardMetricSubjectDistanceSliderPolicy.m */; };
		A28082F011BBFBFC0057669F /* StandardImperialSubjectDistanceSliderPolicy.m in Sources */ = {isa = PBXBuildFile; fileRef = A28082EF11BBFBFC0057669F /* StandardImperialSubjectDistanceSliderPolicy.m */; };
		A28082F111BBFBFC0057669F /* StandardImperialSubjectDistanceSliderPolicy.m in Sources */ = {isa = PBXBuildFile; fileRef = A28082EF11BBFBFC0057669F /* StandardImperialSubjectDistanceSliderPolicy.m */; };
		A284E6F80EE45DA600C37E21 /* FlipsideView.xib in Resources */ = {isa = PBXBuildFile; fileRef = A284E6F70EE45DA600C37E21 /* FlipsideView.xib */; };
		A284E7020EE45DDE00C37E21 /* FlipsideViewController.m in Sources */ = {isa = PBXBuildFile; fileRef = A284E6FE0EE45DDE00C37E21 /* FlipsideViewController.m */; };
		A284E7030EE45DDE00C37E21 /* RootViewController.m in Sources */ = {isa = PBXBuildFile; fileRef = A284E7000EE45DDE00C37E21 /* RootViewController.m */; };
		A28D89E3108D5A6D00C77FEA /* Default.png in Resources */ = {isa = PBXBuildFile; fileRef = A28D89E2108D5A6D00C77FEA /* Default.png */; };
		A28D89FD108D5ED000C77FEA /* CustomCoCView.xib in Resources */ = {isa = PBXBuildFile; fileRef = A28D89FC108D5ED000C77FEA /* CustomCoCView.xib */; };
		A28D8A04108D5F2B00C77FEA /* CustomCoCViewController.m in Sources */ = {isa = PBXBuildFile; fileRef = A28D8A03108D5F2B00C77FEA /* CustomCoCViewController.m */; };
		A28D8A49108D67F000C77FEA /* CustomCoCViewTableDataSource.m in Sources */ = {isa = PBXBuildFile; fileRef = A28D8A48108D67F000C77FEA /* CustomCoCViewTableDataSource.m */; };
		A2A0D30610156E3700A34735 /* TwoLabelTableViewCell.m in Sources */ = {isa = PBXBuildFile; fileRef = A2A0D30510156E3700A34735 /* TwoLabelTableViewCell.m */; };
		A2A45C48126B75EB00423D79 /* MacroDistanceFormatter.m in Sources */ = {isa = PBXBuildFile; fileRef = A2A45C47126B75EB00423D79 /* MacroDistanceFormatter.m */; };
		A2B372C90F754EA700774532 /* sliderTrack.png in Resources */ = {isa = PBXBuildFile; fileRef = A2B372C80F754EA700774532 /* sliderTrack.png */; };
		A2B95F9F10715EDF0057A70E /* LensView.xib in Resources */ = {isa = PBXBuildFile; fileRef = A2B95F9E10715EDF0057A70E /* LensView.xib */; };
		A2B95FA610715FB80057A70E /* LensViewController.m in Sources */ = {isa = PBXBuildFile; fileRef = A2B95FA510715FB80057A70E /* LensViewController.m */; };
		A2B95FAD107161BA0057A70E /* LensViewTableDataSource.m in Sources */ = {isa = PBXBuildFile; fileRef = A2B95FAC107161BA0057A70E /* LensViewTableDataSource.m */; };
		A2BCB98F0FFDA823004F26EA /* EditableTableViewCell.m in Sources */ = {isa = PBXBuildFile; fileRef = A2BCB98E0FFDA823004F26EA /* EditableTableViewCell.m */; };
		A2C03D8F0F4F8C990031385C /* Entitlements.plist in Resources */ = {isa = PBXBuildFile; fileRef = A2C03D8E0F4F8C990031385C /* Entitlements.plist */; };
		A2C70FE90F7562AF00484E24 /* ResultView.m in Sources */ = {isa = PBXBuildFile; fileRef = A2C70FE80F7562AF00484E24 /* ResultView.m */; };
		A2D458DA1246E69E00CCBACF /* MacroImperialSubjectDistanceSliderPolicy.m in Sources */ = {isa = PBXBuildFile; fileRef = A2D458D71246E69E00CCBACF /* MacroImperialSubjectDistanceSliderPolicy.m */; };
		A2D458DB1246E69E00CCBACF /* MacroMetricSubjectDistanceSliderPolicy.m in Sources */ = {isa = PBXBuildFile; fileRef = A2D458D91246E69E00CCBACF /* MacroMetricSubjectDistanceSliderPolicy.m */; };
		A2D6240A104248DA00B2F055 /* CoCView.xib in Resources */ = {isa = PBXBuildFile; fileRef = A2D62409104248DA00B2F055 /* CoCView.xib */; };
		A2D6241C10424A5600B2F055 /* CoCViewController.m in Sources */ = {isa = PBXBuildFile; fileRef = A2D6241B10424A5600B2F055 /* CoCViewController.m */; };
		A2D6245F104251AA00B2F055 /* CoCViewTableDataSource.m in Sources */ = {isa = PBXBuildFile; fileRef = A2D6245E104251AA00B2F055 /* CoCViewTableDataSource.m */; };
		A2D64AA20FCF855B00E337D9 /* FlipsideTableViewDataSource.m in Sources */ = {isa = PBXBuildFile; fileRef = A2D64AA10FCF855B00E337D9 /* FlipsideTableViewDataSource.m */; };
		A2E357971044DBDD003C449D /* CoC.m in Sources */ = {isa = PBXBuildFile; fileRef = A2E357961044DBDD003C449D /* CoC.m */; };
		A2FDC0D411C9A48000CD7618 /* MacroSubjectDistanceSliderPolicy.m in Sources */ = {isa = PBXBuildFile; fileRef = A2FDC0D311C9A48000CD7618 /* MacroSubjectDistanceSliderPolicy.m */; };
		A2FDC0D511C9A48000CD7618 /* MacroSubjectDistanceSliderPolicy.m in Sources */ = {isa = PBXBuildFile; fileRef = A2FDC0D311C9A48000CD7618 /* MacroSubjectDistanceSliderPolicy.m */; };
/* End PBXBuildFile section */

/* Begin PBXContainerItemProxy section */
		A265A25210F6E53100678796 /* PBXContainerItemProxy */ = {
			isa = PBXContainerItemProxy;
			containerPortal = 29B97313FDCFA39411CA2CEA /* Project object */;
			proxyType = 1;
			remoteGlobalIDString = 1D6058900D05DD3D006BFB54;
			remoteInfo = FieldTools;
		};
/* End PBXContainerItemProxy section */

/* Begin PBXFileReference section */
		1D30AB110D05D00D00671497 /* Foundation.framework */ = {isa = PBXFileReference; lastKnownFileType = wrapper.framework; name = Foundation.framework; path = System/Library/Frameworks/Foundation.framework; sourceTree = SDKROOT; };
		1D3623240D0F684500981E51 /* FieldToolsAppDelegate.h */ = {isa = PBXFileReference; fileEncoding = 4; lastKnownFileType = sourcecode.c.h; path = FieldToolsAppDelegate.h; sourceTree = "<group>"; };
		1D3623250D0F684500981E51 /* FieldToolsAppDelegate.m */ = {isa = PBXFileReference; fileEncoding = 4; lastKnownFileType = sourcecode.c.objc; path = FieldToolsAppDelegate.m; sourceTree = "<group>"; };
		1D6058910D05DD3D006BFB54 /* Field Tools.app */ = {isa = PBXFileReference; explicitFileType = wrapper.application; includeInIndex = 0; path = "Field Tools.app"; sourceTree = BUILT_PRODUCTS_DIR; };
		1DF5F4DF0D08C38300B7A737 /* UIKit.framework */ = {isa = PBXFileReference; lastKnownFileType = wrapper.framework; name = UIKit.framework; path = System/Library/Frameworks/UIKit.framework; sourceTree = SDKROOT; };
		2892E40F0DC94CBA00A64D0F /* CoreGraphics.framework */ = {isa = PBXFileReference; lastKnownFileType = wrapper.framework; name = CoreGraphics.framework; path = System/Library/Frameworks/CoreGraphics.framework; sourceTree = SDKROOT; };
		2899E55F0DE3E45000AC0155 /* MainView.xib */ = {isa = PBXFileReference; lastKnownFileType = file.xib; path = MainView.xib; sourceTree = "<group>"; };
		28A0AAE50D9B0CCF005BE974 /* FieldTools_Prefix.pch */ = {isa = PBXFileReference; fileEncoding = 4; lastKnownFileType = sourcecode.c.h; path = FieldTools_Prefix.pch; sourceTree = "<group>"; };
		28AD735F0D9D9599002E5188 /* MainWindow.xib */ = {isa = PBXFileReference; lastKnownFileType = file.xib; path = MainWindow.xib; sourceTree = "<group>"; };
		28C286DF0D94DF7D0034E888 /* MainViewController.h */ = {isa = PBXFileReference; fileEncoding = 4; lastKnownFileType = sourcecode.c.h; path = MainViewController.h; sourceTree = "<group>"; };
		28C286E00D94DF7D0034E888 /* MainViewController.m */ = {isa = PBXFileReference; fileEncoding = 4; lastKnownFileType = sourcecode.c.objc; path = MainViewController.m; sourceTree = "<group>"; };
		29B97316FDCFA39411CA2CEA /* main.m */ = {isa = PBXFileReference; fileEncoding = 4; lastKnownFileType = sourcecode.c.objc; path = main.m; sourceTree = "<group>"; };
		8D1107310486CEB800E47090 /* Info.plist */ = {isa = PBXFileReference; fileEncoding = 4; lastKnownFileType = text.plist.xml; path = Info.plist; sourceTree = "<group>"; };
		A200F9D31254190F006689F9 /* Default@2x.png */ = {isa = PBXFileReference; lastKnownFileType = image.png; path = "Default@2x.png"; sourceTree = "<group>"; };
		A200F9D41254190F006689F9 /* FieldTools-Small.png */ = {isa = PBXFileReference; lastKnownFileType = image.png; path = "FieldTools-Small.png"; sourceTree = "<group>"; };
		A200F9D51254190F006689F9 /* FieldTools-Small@2x.png */ = {isa = PBXFileReference; lastKnownFileType = image.png; path = "FieldTools-Small@2x.png"; sourceTree = "<group>"; };
		A200F9D61254190F006689F9 /* FieldTools@2x.png */ = {isa = PBXFileReference; lastKnownFileType = image.png; path = "FieldTools@2x.png"; sourceTree = "<group>"; };
		A200F9E212541ABA006689F9 /* distanceArrows@2x.png */ = {isa = PBXFileReference; lastKnownFileType = image.png; path = "distanceArrows@2x.png"; sourceTree = "<group>"; };
		A200F9E312541ABA006689F9 /* sliderTrack@2x.png */ = {isa = PBXFileReference; lastKnownFileType = image.png; path = "sliderTrack@2x.png"; sourceTree = "<group>"; };
		A2027E860F7E8DF7003A1BBD /* distanceArrows.png */ = {isa = PBXFileReference; lastKnownFileType = image.png; path = distanceArrows.png; sourceTree = "<group>"; };
		A20D30610F7B333900A744C3 /* DistanceFormatter.h */ = {isa = PBXFileReference; fileEncoding = 4; lastKnownFileType = sourcecode.c.h; path = DistanceFormatter.h; sourceTree = "<group>"; };
		A20D30620F7B333900A744C3 /* DistanceFormatter.m */ = {isa = PBXFileReference; fileEncoding = 4; lastKnownFileType = sourcecode.c.objc; path = DistanceFormatter.m; sourceTree = "<group>"; };
		A2116B03107D98E5009EE360 /* LensViewSections.h */ = {isa = PBXFileReference; fileEncoding = 4; lastKnownFileType = sourcecode.c.h; path = LensViewSections.h; sourceTree = "<group>"; };
		A21DCD6B10EE748300139D93 /* DepthOfFieldCalculator.h */ = {isa = PBXFileReference; fileEncoding = 4; lastKnownFileType = sourcecode.c.h; name = DepthOfFieldCalculator.h; path = Classes/DepthOfFieldCalculator.h; sourceTree = "<group>"; };
		A21DCD6C10EE748300139D93 /* DepthOfFieldCalculator.m */ = {isa = PBXFileReference; fileEncoding = 4; lastKnownFileType = sourcecode.c.objc; name = DepthOfFieldCalculator.m; path = Classes/DepthOfFieldCalculator.m; sourceTree = "<group>"; };
		A21DCD7E10EE7D0300139D93 /* ModelTests.octest */ = {isa = PBXFileReference; explicitFileType = wrapper.cfbundle; includeInIndex = 0; path = ModelTests.octest; sourceTree = BUILT_PRODUCTS_DIR; };
		A21DCD7F10EE7D0300139D93 /* ModelTests-Info.plist */ = {isa = PBXFileReference; lastKnownFileType = text.plist.xml; path = "ModelTests-Info.plist"; sourceTree = "<group>"; };
		A21DCF5910EF06ED00139D93 /* CHANGES */ = {isa = PBXFileReference; fileEncoding = 4; lastKnownFileType = text; path = CHANGES; sourceTree = "<group>"; };
		A222FE82130729C600C0020B /* sliderThumbHighlighted.png */ = {isa = PBXFileReference; lastKnownFileType = image.png; path = sliderThumbHighlighted.png; sourceTree = "<group>"; };
		A222FE83130729C600C0020B /* sliderThumbNormal.png */ = {isa = PBXFileReference; lastKnownFileType = image.png; path = sliderThumbNormal.png; sourceTree = "<group>"; };
		A22C244E1043874D005BC94C /* English */ = {isa = PBXFileReference; fileEncoding = 4; lastKnownFileType = text.plist.xml; name = English; path = English.lproj/CoC.plist; sourceTree = "<group>"; };
		A22F4A540FC65326003A5E26 /* FlipsideTableViewDelegate.h */ = {isa = PBXFileReference; fileEncoding = 4; lastKnownFileType = sourcecode.c.h; path = FlipsideTableViewDelegate.h; sourceTree = "<group>"; };
		A22F4A550FC65326003A5E26 /* FlipsideTableViewDelegate.m */ = {isa = PBXFileReference; fileEncoding = 4; lastKnownFileType = sourcecode.c.objc; path = FlipsideTableViewDelegate.m; sourceTree = "<group>"; };
		A22F4A710FC654F0003A5E26 /* FlipsideNonEditingTableViewDelegate.h */ = {isa = PBXFileReference; fileEncoding = 4; lastKnownFileType = sourcecode.c.h; path = FlipsideNonEditingTableViewDelegate.h; sourceTree = "<group>"; };
		A22F4A720FC654F0003A5E26 /* FlipsideNonEditingTableViewDelegate.m */ = {isa = PBXFileReference; fileEncoding = 4; lastKnownFileType = sourcecode.c.objc; path = FlipsideNonEditingTableViewDelegate.m; sourceTree = "<group>"; };
		A22F4A900FC65793003A5E26 /* FlipsideEditingTableViewDelegate.h */ = {isa = PBXFileReference; fileEncoding = 4; lastKnownFileType = sourcecode.c.h; path = FlipsideEditingTableViewDelegate.h; sourceTree = "<group>"; };
		A22F4A910FC65793003A5E26 /* FlipsideEditingTableViewDelegate.m */ = {isa = PBXFileReference; fileEncoding = 4; lastKnownFileType = sourcecode.c.objc; path = FlipsideEditingTableViewDelegate.m; sourceTree = "<group>"; };
		A237E63B12AAF4F00089862B /* Camera.h */ = {isa = PBXFileReference; fileEncoding = 4; lastKnownFileType = sourcecode.c.h; name = Camera.h; path = Classes/Camera.h; sourceTree = "<group>"; };
		A237E63C12AAF4F00089862B /* Camera.m */ = {isa = PBXFileReference; fileEncoding = 4; lastKnownFileType = sourcecode.c.objc; name = Camera.m; path = Classes/Camera.m; sourceTree = "<group>"; };
		A237E63D12AAF4F00089862B /* CameraBag.h */ = {isa = PBXFileReference; fileEncoding = 4; lastKnownFileType = sourcecode.c.h; name = CameraBag.h; path = Classes/CameraBag.h; sourceTree = "<group>"; };
		A237E63E12AAF4F00089862B /* CameraBag.m */ = {isa = PBXFileReference; fileEncoding = 4; lastKnownFileType = sourcecode.c.objc; name = CameraBag.m; path = Classes/CameraBag.m; sourceTree = "<group>"; };
		A24E52DC11B5DD3E00516BE3 /* DistanceRange.h */ = {isa = PBXFileReference; fileEncoding = 4; lastKnownFileType = sourcecode.c.h; path = DistanceRange.h; sourceTree = "<group>"; };
		A24E52DD11B5DD3E00516BE3 /* DistanceRange.m */ = {isa = PBXFileReference; fileEncoding = 4; lastKnownFileType = sourcecode.c.objc; path = DistanceRange.m; sourceTree = "<group>"; };
		A24EF5780ECA853C001A7B46 /* English */ = {isa = PBXFileReference; fileEncoding = 10; lastKnownFileType = text.plist.strings; name = English; path = English.lproj/Localizable.strings; sourceTree = "<group>"; };
		A24EF5BD0ECA8E22001A7B46 /* FieldTools.png */ = {isa = PBXFileReference; lastKnownFileType = image.png; path = FieldTools.png; sourceTree = "<group>"; };
		A24EF5EA0ECA9415001A7B46 /* MainView.h */ = {isa = PBXFileReference; fileEncoding = 4; lastKnownFileType = sourcecode.c.h; path = MainView.h; sourceTree = "<group>"; };
		A24EF5EB0ECA9415001A7B46 /* MainView.m */ = {isa = PBXFileReference; fileEncoding = 4; lastKnownFileType = sourcecode.c.objc; path = MainView.m; sourceTree = "<group>"; };
		A24FF4A20FE0C4DD0073BC03 /* CameraViewTableDataSource.h */ = {isa = PBXFileReference; fileEncoding = 4; lastKnownFileType = sourcecode.c.h; path = CameraViewTableDataSource.h; sourceTree = "<group>"; };
		A24FF4A30FE0C4DD0073BC03 /* CameraViewTableDataSource.m */ = {isa = PBXFileReference; fileEncoding = 4; lastKnownFileType = sourcecode.c.objc; path = CameraViewTableDataSource.m; sourceTree = "<group>"; };
		A25BDF3210479BFE00B22B2B /* Lens.h */ = {isa = PBXFileReference; fileEncoding = 4; lastKnownFileType = sourcecode.c.h; name = Lens.h; path = Classes/Lens.h; sourceTree = "<group>"; };
		A25BDF3310479BFE00B22B2B /* Lens.m */ = {isa = PBXFileReference; fileEncoding = 4; lastKnownFileType = sourcecode.c.objc; name = Lens.m; path = Classes/Lens.m; sourceTree = "<group>"; };
		A261F8C70FDCCA3600C907AD /* CameraViewController.h */ = {isa = PBXFileReference; fileEncoding = 4; lastKnownFileType = sourcecode.c.h; path = CameraViewController.h; sourceTree = "<group>"; };
		A261F8C80FDCCA3600C907AD /* CameraViewController.m */ = {isa = PBXFileReference; fileEncoding = 4; lastKnownFileType = sourcecode.c.objc; path = CameraViewController.m; sourceTree = "<group>"; };
		A261F8CE0FDCCAAA00C907AD /* CameraView.xib */ = {isa = PBXFileReference; lastKnownFileType = file.xib; path = CameraView.xib; sourceTree = "<group>"; };
		A265A28C10F6EDDC00678796 /* DistanceFormatterTests.m */ = {isa = PBXFileReference; fileEncoding = 4; lastKnownFileType = sourcecode.c.objc; name = DistanceFormatterTests.m; path = TestClasses/DistanceFormatterTests.m; sourceTree = SOURCE_ROOT; };
		A265A28E10F6EDF700678796 /* DepthOfFieldCalculatorTests.m */ = {isa = PBXFileReference; fileEncoding = 4; lastKnownFileType = sourcecode.c.objc; name = DepthOfFieldCalculatorTests.m; path = TestClasses/DepthOfFieldCalculatorTests.m; sourceTree = SOURCE_ROOT; };
		A265A29210F6EE2400678796 /* ModelTests_Prefix.pch */ = {isa = PBXFileReference; fileEncoding = 4; lastKnownFileType = sourcecode.c.h; path = ModelTests_Prefix.pch; sourceTree = "<group>"; };
		A265A29910F6F00B00678796 /* UserDefaults.m */ = {isa = PBXFileReference; fileEncoding = 4; lastKnownFileType = sourcecode.c.objc; path = UserDefaults.m; sourceTree = "<group>"; };
		A2747BA312E25617002731EC /* OBSlider.h */ = {isa = PBXFileReference; fileEncoding = 4; lastKnownFileType = sourcecode.c.h; path = OBSlider.h; sourceTree = "<group>"; };
		A2747BA412E25617002731EC /* OBSlider.m */ = {isa = PBXFileReference; fileEncoding = 4; lastKnownFileType = sourcecode.c.objc; path = OBSlider.m; sourceTree = "<group>"; };
		A2747BBC12E2803B002731EC /* SubjectDistanceSlider.h */ = {isa = PBXFileReference; fileEncoding = 4; lastKnownFileType = sourcecode.c.h; path = SubjectDistanceSlider.h; sourceTree = "<group>"; };
		A2747BBD12E2803B002731EC /* SubjectDistanceSlider.m */ = {isa = PBXFileReference; fileEncoding = 4; lastKnownFileType = sourcecode.c.objc; path = SubjectDistanceSlider.m; sourceTree = "<group>"; };
		A2747BC012E2804B002731EC /* FocalLengthSlider.h */ = {isa = PBXFileReference; fileEncoding = 4; lastKnownFileType = sourcecode.c.h; path = FocalLengthSlider.h; sourceTree = "<group>"; };
		A2747BC112E2804B002731EC /* FocalLengthSlider.m */ = {isa = PBXFileReference; fileEncoding = 4; lastKnownFileType = sourcecode.c.objc; path = FocalLengthSlider.m; sourceTree = "<group>"; };
		A27E41B11224A0C50060CDB2 /* test.js */ = {isa = PBXFileReference; fileEncoding = 4; lastKnownFileType = sourcecode.javascript; path = test.js; sourceTree = "<group>"; };
		A28082D611BBFA1B0057669F /* SubjectDistanceSliderPolicy.h */ = {isa = PBXFileReference; fileEncoding = 4; lastKnownFileType = sourcecode.c.h; path = SubjectDistanceSliderPolicy.h; sourceTree = "<group>"; };
		A28082D711BBFAF70057669F /* StandardSubjectDistanceSliderPolicy.h */ = {isa = PBXFileReference; fileEncoding = 4; lastKnownFileType = sourcecode.c.h; path = StandardSubjectDistanceSliderPolicy.h; sourceTree = "<group>"; };
		A28082D811BBFAF70057669F /* StandardSubjectDistanceSliderPolicy.m */ = {isa = PBXFileReference; fileEncoding = 4; lastKnownFileType = sourcecode.c.objc; path = StandardSubjectDistanceSliderPolicy.m; sourceTree = "<group>"; };
		A28082DF11BBFBA80057669F /* StandardMetricSubjectDistanceSliderPolicy.h */ = {isa = PBXFileReference; fileEncoding = 4; lastKnownFileType = sourcecode.c.h; path = StandardMetricSubjectDistanceSliderPolicy.h; sourceTree = "<group>"; };
		A28082E011BBFBA80057669F /* StandardMetricSubjectDistanceSliderPolicy.m */ = {isa = PBXFileReference; fileEncoding = 4; lastKnownFileType = sourcecode.c.objc; path = StandardMetricSubjectDistanceSliderPolicy.m; sourceTree = "<group>"; };
		A28082EE11BBFBFC0057669F /* StandardImperialSubjectDistanceSliderPolicy.h */ = {isa = PBXFileReference; fileEncoding = 4; lastKnownFileType = sourcecode.c.h; path = StandardImperialSubjectDistanceSliderPolicy.h; sourceTree = "<group>"; };
		A28082EF11BBFBFC0057669F /* StandardImperialSubjectDistanceSliderPolicy.m */ = {isa = PBXFileReference; fileEncoding = 4; lastKnownFileType = sourcecode.c.objc; path = StandardImperialSubjectDistanceSliderPolicy.m; sourceTree = "<group>"; };
		A2811F630ECE706300A7FB7A /* UserDefaults.h */ = {isa = PBXFileReference; fileEncoding = 4; lastKnownFileType = sourcecode.c.h; path = UserDefaults.h; sourceTree = "<group>"; };
		A2811FD30ECE8DB100A7FB7A /* Notifications.h */ = {isa = PBXFileReference; fileEncoding = 4; lastKnownFileType = sourcecode.c.h; path = Notifications.h; sourceTree = "<group>"; };
		A284E6F70EE45DA600C37E21 /* FlipsideView.xib */ = {isa = PBXFileReference; lastKnownFileType = file.xib; path = FlipsideView.xib; sourceTree = "<group>"; };
		A284E6FD0EE45DDE00C37E21 /* FlipsideViewController.h */ = {isa = PBXFileReference; fileEncoding = 4; lastKnownFileType = sourcecode.c.h; path = FlipsideViewController.h; sourceTree = "<group>"; };
		A284E6FE0EE45DDE00C37E21 /* FlipsideViewController.m */ = {isa = PBXFileReference; fileEncoding = 4; lastKnownFileType = sourcecode.c.objc; path = FlipsideViewController.m; sourceTree = "<group>"; };
		A284E6FF0EE45DDE00C37E21 /* RootViewController.h */ = {isa = PBXFileReference; fileEncoding = 4; lastKnownFileType = sourcecode.c.h; path = RootViewController.h; sourceTree = "<group>"; };
		A284E7000EE45DDE00C37E21 /* RootViewController.m */ = {isa = PBXFileReference; fileEncoding = 4; lastKnownFileType = sourcecode.c.objc; path = RootViewController.m; sourceTree = "<group>"; };
		A28D89E2108D5A6D00C77FEA /* Default.png */ = {isa = PBXFileReference; lastKnownFileType = image.png; path = Default.png; sourceTree = "<group>"; };
		A28D89FC108D5ED000C77FEA /* CustomCoCView.xib */ = {isa = PBXFileReference; lastKnownFileType = file.xib; path = CustomCoCView.xib; sourceTree = "<group>"; };
		A28D8A02108D5F2B00C77FEA /* CustomCoCViewController.h */ = {isa = PBXFileReference; fileEncoding = 4; lastKnownFileType = sourcecode.c.h; path = CustomCoCViewController.h; sourceTree = "<group>"; };
		A28D8A03108D5F2B00C77FEA /* CustomCoCViewController.m */ = {isa = PBXFileReference; fileEncoding = 4; lastKnownFileType = sourcecode.c.objc; path = CustomCoCViewController.m; sourceTree = "<group>"; };
		A28D8A47108D67F000C77FEA /* CustomCoCViewTableDataSource.h */ = {isa = PBXFileReference; fileEncoding = 4; lastKnownFileType = sourcecode.c.h; path = CustomCoCViewTableDataSource.h; sourceTree = "<group>"; };
		A28D8A48108D67F000C77FEA /* CustomCoCViewTableDataSource.m */ = {isa = PBXFileReference; fileEncoding = 4; lastKnownFileType = sourcecode.c.objc; path = CustomCoCViewTableDataSource.m; sourceTree = "<group>"; };
		A2A0D30410156E3700A34735 /* TwoLabelTableViewCell.h */ = {isa = PBXFileReference; fileEncoding = 4; lastKnownFileType = sourcecode.c.h; path = TwoLabelTableViewCell.h; sourceTree = "<group>"; };
		A2A0D30510156E3700A34735 /* TwoLabelTableViewCell.m */ = {isa = PBXFileReference; fileEncoding = 4; lastKnownFileType = sourcecode.c.objc; path = TwoLabelTableViewCell.m; sourceTree = "<group>"; };
		A2A45C46126B75EB00423D79 /* MacroDistanceFormatter.h */ = {isa = PBXFileReference; fileEncoding = 4; lastKnownFileType = sourcecode.c.h; path = MacroDistanceFormatter.h; sourceTree = "<group>"; };
		A2A45C47126B75EB00423D79 /* MacroDistanceFormatter.m */ = {isa = PBXFileReference; fileEncoding = 4; lastKnownFileType = sourcecode.c.objc; path = MacroDistanceFormatter.m; sourceTree = "<group>"; };
		A2B372C80F754EA700774532 /* sliderTrack.png */ = {isa = PBXFileReference; lastKnownFileType = image.png; path = sliderTrack.png; sourceTree = "<group>"; };
		A2B95F9E10715EDF0057A70E /* LensView.xib */ = {isa = PBXFileReference; lastKnownFileType = file.xib; path = LensView.xib; sourceTree = "<group>"; };
		A2B95FA410715FB80057A70E /* LensViewController.h */ = {isa = PBXFileReference; fileEncoding = 4; lastKnownFileType = sourcecode.c.h; path = LensViewController.h; sourceTree = "<group>"; };
		A2B95FA510715FB80057A70E /* LensViewController.m */ = {isa = PBXFileReference; fileEncoding = 4; lastKnownFileType = sourcecode.c.objc; path = LensViewController.m; sourceTree = "<group>"; };
		A2B95FAB107161BA0057A70E /* LensViewTableDataSource.h */ = {isa = PBXFileReference; fileEncoding = 4; lastKnownFileType = sourcecode.c.h; path = LensViewTableDataSource.h; sourceTree = "<group>"; };
		A2B95FAC107161BA0057A70E /* LensViewTableDataSource.m */ = {isa = PBXFileReference; fileEncoding = 4; lastKnownFileType = sourcecode.c.objc; path = LensViewTableDataSource.m; sourceTree = "<group>"; };
		A2BCB98D0FFDA823004F26EA /* EditableTableViewCell.h */ = {isa = PBXFileReference; fileEncoding = 4; lastKnownFileType = sourcecode.c.h; path = EditableTableViewCell.h; sourceTree = "<group>"; };
		A2BCB98E0FFDA823004F26EA /* EditableTableViewCell.m */ = {isa = PBXFileReference; fileEncoding = 4; lastKnownFileType = sourcecode.c.objc; path = EditableTableViewCell.m; sourceTree = "<group>"; };
		A2C03D8E0F4F8C990031385C /* Entitlements.plist */ = {isa = PBXFileReference; fileEncoding = 4; lastKnownFileType = text.plist.xml; path = Entitlements.plist; sourceTree = "<group>"; };
		A2C70FE70F7562AF00484E24 /* ResultView.h */ = {isa = PBXFileReference; fileEncoding = 4; lastKnownFileType = sourcecode.c.h; path = ResultView.h; sourceTree = "<group>"; };
		A2C70FE80F7562AF00484E24 /* ResultView.m */ = {isa = PBXFileReference; fileEncoding = 4; lastKnownFileType = sourcecode.c.objc; path = ResultView.m; sourceTree = "<group>"; };
		A2D458D61246E69E00CCBACF /* MacroImperialSubjectDistanceSliderPolicy.h */ = {isa = PBXFileReference; fileEncoding = 4; lastKnownFileType = sourcecode.c.h; path = MacroImperialSubjectDistanceSliderPolicy.h; sourceTree = "<group>"; };
		A2D458D71246E69E00CCBACF /* MacroImperialSubjectDistanceSliderPolicy.m */ = {isa = PBXFileReference; fileEncoding = 4; lastKnownFileType = sourcecode.c.objc; path = MacroImperialSubjectDistanceSliderPolicy.m; sourceTree = "<group>"; };
		A2D458D81246E69E00CCBACF /* MacroMetricSubjectDistanceSliderPolicy.h */ = {isa = PBXFileReference; fileEncoding = 4; lastKnownFileType = sourcecode.c.h; path = MacroMetricSubjectDistanceSliderPolicy.h; sourceTree = "<group>"; };
		A2D458D91246E69E00CCBACF /* MacroMetricSubjectDistanceSliderPolicy.m */ = {isa = PBXFileReference; fileEncoding = 4; lastKnownFileType = sourcecode.c.objc; path = MacroMetricSubjectDistanceSliderPolicy.m; sourceTree = "<group>"; };
		A2D62409104248DA00B2F055 /* CoCView.xib */ = {isa = PBXFileReference; lastKnownFileType = file.xib; path = CoCView.xib; sourceTree = "<group>"; };
		A2D6241A10424A5600B2F055 /* CoCViewController.h */ = {isa = PBXFileReference; fileEncoding = 4; lastKnownFileType = sourcecode.c.h; path = CoCViewController.h; sourceTree = "<group>"; };
		A2D6241B10424A5600B2F055 /* CoCViewController.m */ = {isa = PBXFileReference; fileEncoding = 4; lastKnownFileType = sourcecode.c.objc; path = CoCViewController.m; sourceTree = "<group>"; };
		A2D6245D104251AA00B2F055 /* CoCViewTableDataSource.h */ = {isa = PBXFileReference; fileEncoding = 4; lastKnownFileType = sourcecode.c.h; path = CoCViewTableDataSource.h; sourceTree = "<group>"; };
		A2D6245E104251AA00B2F055 /* CoCViewTableDataSource.m */ = {isa = PBXFileReference; fileEncoding = 4; lastKnownFileType = sourcecode.c.objc; path = CoCViewTableDataSource.m; sourceTree = "<group>"; };
		A2D64AA00FCF855B00E337D9 /* FlipsideTableViewDataSource.h */ = {isa = PBXFileReference; fileEncoding = 4; lastKnownFileType = sourcecode.c.h; path = FlipsideTableViewDataSource.h; sourceTree = "<group>"; };
		A2D64AA10FCF855B00E337D9 /* FlipsideTableViewDataSource.m */ = {isa = PBXFileReference; fileEncoding = 4; lastKnownFileType = sourcecode.c.objc; path = FlipsideTableViewDataSource.m; sourceTree = "<group>"; };
		A2E357951044DBDD003C449D /* CoC.h */ = {isa = PBXFileReference; fileEncoding = 4; lastKnownFileType = sourcecode.c.h; name = CoC.h; path = Classes/CoC.h; sourceTree = "<group>"; };
		A2E357961044DBDD003C449D /* CoC.m */ = {isa = PBXFileReference; fileEncoding = 4; lastKnownFileType = sourcecode.c.objc; name = CoC.m; path = Classes/CoC.m; sourceTree = "<group>"; };
		A2FDC0D211C9A48000CD7618 /* MacroSubjectDistanceSliderPolicy.h */ = {isa = PBXFileReference; fileEncoding = 4; lastKnownFileType = sourcecode.c.h; path = MacroSubjectDistanceSliderPolicy.h; sourceTree = "<group>"; };
		A2FDC0D311C9A48000CD7618 /* MacroSubjectDistanceSliderPolicy.m */ = {isa = PBXFileReference; fileEncoding = 4; lastKnownFileType = sourcecode.c.objc; path = MacroSubjectDistanceSliderPolicy.m; sourceTree = "<group>"; };
/* End PBXFileReference section */

/* Begin PBXFrameworksBuildPhase section */
		1D60588F0D05DD3D006BFB54 /* Frameworks */ = {
			isa = PBXFrameworksBuildPhase;
			buildActionMask = 2147483647;
			files = (
				1D60589F0D05DD5A006BFB54 /* Foundation.framework in Frameworks */,
				1DF5F4E00D08C38300B7A737 /* UIKit.framework in Frameworks */,
				2892E4100DC94CBA00A64D0F /* CoreGraphics.framework in Frameworks */,
			);
			runOnlyForDeploymentPostprocessing = 0;
		};
		A21DCD7B10EE7D0300139D93 /* Frameworks */ = {
			isa = PBXFrameworksBuildPhase;
			buildActionMask = 2147483647;
			files = (
			);
			runOnlyForDeploymentPostprocessing = 0;
		};
/* End PBXFrameworksBuildPhase section */

/* Begin PBXGroup section */
		080E96DDFE201D6D7F000001 /* Classes */ = {
			isa = PBXGroup;
			children = (
				A2747B9F12E255EC002731EC /* Controls */,
				A24FF4980FE0C3B00073BC03 /* Camera View */,
				A2D6241910424A2200B2F055 /* CoC View */,
				A28D8A05108D5F4200C77FEA /* Custom CoC View */,
				A24FF4970FE0C2570073BC03 /* Flipside View */,
				A2B95FA310715F6A0057A70E /* Lens View */,
				A23CFF29108A5FC400A41662 /* Main View */,
				A2AAAECD0F2831D400945F6E /* Model */,
				A21DCDAB10EE7F9E00139D93 /* Model Tests */,
				A2A0D30710156E4000A34735 /* Table View Cells */,
				A20D30610F7B333900A744C3 /* DistanceFormatter.h */,
				A20D30620F7B333900A744C3 /* DistanceFormatter.m */,
				A24E52DC11B5DD3E00516BE3 /* DistanceRange.h */,
				A24E52DD11B5DD3E00516BE3 /* DistanceRange.m */,
				1D3623240D0F684500981E51 /* FieldToolsAppDelegate.h */,
				1D3623250D0F684500981E51 /* FieldToolsAppDelegate.m */,
				A2A45C46126B75EB00423D79 /* MacroDistanceFormatter.h */,
				A2A45C47126B75EB00423D79 /* MacroDistanceFormatter.m */,
				A284E6FF0EE45DDE00C37E21 /* RootViewController.h */,
				A284E7000EE45DDE00C37E21 /* RootViewController.m */,
			);
			path = Classes;
			sourceTree = "<group>";
		};
		19C28FACFE9D520D11CA2CBB /* Products */ = {
			isa = PBXGroup;
			children = (
				1D6058910D05DD3D006BFB54 /* Field Tools.app */,
				A21DCD7E10EE7D0300139D93 /* ModelTests.octest */,
			);
			name = Products;
			sourceTree = "<group>";
		};
		29B97314FDCFA39411CA2CEA /* CustomTemplate */ = {
			isa = PBXGroup;
			children = (
				080E96DDFE201D6D7F000001 /* Classes */,
				A27E41AF1224A07B0060CDB2 /* IntegrationTests */,
				29B97315FDCFA39411CA2CEA /* Other Sources */,
				29B97317FDCFA39411CA2CEA /* Resources */,
				29B97323FDCFA39411CA2CEA /* Frameworks */,
				19C28FACFE9D520D11CA2CBB /* Products */,
				A21DCF5810EF06D700139D93 /* Documentation */,
			);
			name = CustomTemplate;
			sourceTree = "<group>";
		};
		29B97315FDCFA39411CA2CEA /* Other Sources */ = {
			isa = PBXGroup;
			children = (
				28A0AAE50D9B0CCF005BE974 /* FieldTools_Prefix.pch */,
				29B97316FDCFA39411CA2CEA /* main.m */,
				A265A29210F6EE2400678796 /* ModelTests_Prefix.pch */,
				A2811FD30ECE8DB100A7FB7A /* Notifications.h */,
				A2811F630ECE706300A7FB7A /* UserDefaults.h */,
				A265A29910F6F00B00678796 /* UserDefaults.m */,
			);
			name = "Other Sources";
			sourceTree = "<group>";
		};
		29B97317FDCFA39411CA2CEA /* Resources */ = {
			isa = PBXGroup;
			children = (
				A2A45BF7126B379900423D79 /* icons */,
				A2B372C60F754E8F00774532 /* images */,
				A261F8CE0FDCCAAA00C907AD /* CameraView.xib */,
				A22C2451104387A1005BC94C /* CoC.plist */,
				A2D62409104248DA00B2F055 /* CoCView.xib */,
				A28D89FC108D5ED000C77FEA /* CustomCoCView.xib */,
				A28D89E2108D5A6D00C77FEA /* Default.png */,
				A200F9D31254190F006689F9 /* Default@2x.png */,
				A2C03D8E0F4F8C990031385C /* Entitlements.plist */,
				A284E6F70EE45DA600C37E21 /* FlipsideView.xib */,
				8D1107310486CEB800E47090 /* Info.plist */,
				A2B95F9E10715EDF0057A70E /* LensView.xib */,
				A24EF5770ECA853C001A7B46 /* Localizable.strings */,
				28AD735F0D9D9599002E5188 /* MainWindow.xib */,
				2899E55F0DE3E45000AC0155 /* MainView.xib */,
				A21DCD7F10EE7D0300139D93 /* ModelTests-Info.plist */,
			);
			name = Resources;
			sourceTree = "<group>";
		};
		29B97323FDCFA39411CA2CEA /* Frameworks */ = {
			isa = PBXGroup;
			children = (
				1DF5F4DF0D08C38300B7A737 /* UIKit.framework */,
				1D30AB110D05D00D00671497 /* Foundation.framework */,
				2892E40F0DC94CBA00A64D0F /* CoreGraphics.framework */,
			);
			name = Frameworks;
			sourceTree = "<group>";
		};
		A21DCDAB10EE7F9E00139D93 /* Model Tests */ = {
			isa = PBXGroup;
			children = (
				A265A28E10F6EDF700678796 /* DepthOfFieldCalculatorTests.m */,
				A265A28C10F6EDDC00678796 /* DistanceFormatterTests.m */,
			);
			name = "Model Tests";
			sourceTree = "<group>";
		};
		A21DCF5810EF06D700139D93 /* Documentation */ = {
			isa = PBXGroup;
			children = (
				A21DCF5910EF06ED00139D93 /* CHANGES */,
			);
			name = Documentation;
			sourceTree = "<group>";
		};
		A23CFF29108A5FC400A41662 /* Main View */ = {
			isa = PBXGroup;
			children = (
				A28082F411BBFC240057669F /* Subject Distance Slider Policies */,
				A24EF5EA0ECA9415001A7B46 /* MainView.h */,
				A24EF5EB0ECA9415001A7B46 /* MainView.m */,
				28C286DF0D94DF7D0034E888 /* MainViewController.h */,
				28C286E00D94DF7D0034E888 /* MainViewController.m */,
				A2C70FE70F7562AF00484E24 /* ResultView.h */,
				A2C70FE80F7562AF00484E24 /* ResultView.m */,
			);
			name = "Main View";
			sourceTree = "<group>";
		};
		A24FF4970FE0C2570073BC03 /* Flipside View */ = {
			isa = PBXGroup;
			children = (
				A22F4A900FC65793003A5E26 /* FlipsideEditingTableViewDelegate.h */,
				A22F4A910FC65793003A5E26 /* FlipsideEditingTableViewDelegate.m */,
				A22F4A710FC654F0003A5E26 /* FlipsideNonEditingTableViewDelegate.h */,
				A22F4A720FC654F0003A5E26 /* FlipsideNonEditingTableViewDelegate.m */,
				A2D64AA00FCF855B00E337D9 /* FlipsideTableViewDataSource.h */,
				A2D64AA10FCF855B00E337D9 /* FlipsideTableViewDataSource.m */,
				A22F4A540FC65326003A5E26 /* FlipsideTableViewDelegate.h */,
				A22F4A550FC65326003A5E26 /* FlipsideTableViewDelegate.m */,
				A284E6FD0EE45DDE00C37E21 /* FlipsideViewController.h */,
				A284E6FE0EE45DDE00C37E21 /* FlipsideViewController.m */,
			);
			name = "Flipside View";
			sourceTree = "<group>";
		};
		A24FF4980FE0C3B00073BC03 /* Camera View */ = {
			isa = PBXGroup;
			children = (
				A261F8C70FDCCA3600C907AD /* CameraViewController.h */,
				A261F8C80FDCCA3600C907AD /* CameraViewController.m */,
				A24FF4A20FE0C4DD0073BC03 /* CameraViewTableDataSource.h */,
				A24FF4A30FE0C4DD0073BC03 /* CameraViewTableDataSource.m */,
			);
			name = "Camera View";
			sourceTree = "<group>";
		};
		A2747B9F12E255EC002731EC /* Controls */ = {
			isa = PBXGroup;
			children = (
				A2747BC012E2804B002731EC /* FocalLengthSlider.h */,
				A2747BC112E2804B002731EC /* FocalLengthSlider.m */,
				A2747BA312E25617002731EC /* OBSlider.h */,
				A2747BA412E25617002731EC /* OBSlider.m */,
				A2747BBC12E2803B002731EC /* SubjectDistanceSlider.h */,
				A2747BBD12E2803B002731EC /* SubjectDistanceSlider.m */,
			);
			name = Controls;
			sourceTree = "<group>";
		};
		A27E41AF1224A07B0060CDB2 /* IntegrationTests */ = {
			isa = PBXGroup;
			children = (
				A27E41B11224A0C50060CDB2 /* test.js */,
			);
			path = IntegrationTests;
			sourceTree = "<group>";
		};
		A28082F411BBFC240057669F /* Subject Distance Slider Policies */ = {
			isa = PBXGroup;
			children = (
				A2D458D61246E69E00CCBACF /* MacroImperialSubjectDistanceSliderPolicy.h */,
				A2D458D71246E69E00CCBACF /* MacroImperialSubjectDistanceSliderPolicy.m */,
				A2D458D81246E69E00CCBACF /* MacroMetricSubjectDistanceSliderPolicy.h */,
				A2D458D91246E69E00CCBACF /* MacroMetricSubjectDistanceSliderPolicy.m */,
				A2FDC0D211C9A48000CD7618 /* MacroSubjectDistanceSliderPolicy.h */,
				A2FDC0D311C9A48000CD7618 /* MacroSubjectDistanceSliderPolicy.m */,
				A28082EE11BBFBFC0057669F /* StandardImperialSubjectDistanceSliderPolicy.h */,
				A28082EF11BBFBFC0057669F /* StandardImperialSubjectDistanceSliderPolicy.m */,
				A28082DF11BBFBA80057669F /* StandardMetricSubjectDistanceSliderPolicy.h */,
				A28082E011BBFBA80057669F /* StandardMetricSubjectDistanceSliderPolicy.m */,
				A28082D711BBFAF70057669F /* StandardSubjectDistanceSliderPolicy.h */,
				A28082D811BBFAF70057669F /* StandardSubjectDistanceSliderPolicy.m */,
				A28082D611BBFA1B0057669F /* SubjectDistanceSliderPolicy.h */,
			);
			name = "Subject Distance Slider Policies";
			sourceTree = "<group>";
		};
		A28D8A05108D5F4200C77FEA /* Custom CoC View */ = {
			isa = PBXGroup;
			children = (
				A28D8A02108D5F2B00C77FEA /* CustomCoCViewController.h */,
				A28D8A03108D5F2B00C77FEA /* CustomCoCViewController.m */,
				A28D8A47108D67F000C77FEA /* CustomCoCViewTableDataSource.h */,
				A28D8A48108D67F000C77FEA /* CustomCoCViewTableDataSource.m */,
			);
			name = "Custom CoC View";
			sourceTree = "<group>";
		};
		A2A0D30710156E4000A34735 /* Table View Cells */ = {
			isa = PBXGroup;
			children = (
				A2BCB98D0FFDA823004F26EA /* EditableTableViewCell.h */,
				A2BCB98E0FFDA823004F26EA /* EditableTableViewCell.m */,
				A2A0D30410156E3700A34735 /* TwoLabelTableViewCell.h */,
				A2A0D30510156E3700A34735 /* TwoLabelTableViewCell.m */,
			);
			name = "Table View Cells";
			sourceTree = "<group>";
		};
		A2A45BF7126B379900423D79 /* icons */ = {
			isa = PBXGroup;
			children = (
				A24EF5BD0ECA8E22001A7B46 /* FieldTools.png */,
				A200F9D61254190F006689F9 /* FieldTools@2x.png */,
				A200F9D41254190F006689F9 /* FieldTools-Small.png */,
				A200F9D51254190F006689F9 /* FieldTools-Small@2x.png */,
			);
			name = icons;
			sourceTree = "<group>";
		};
		A2AAAECD0F2831D400945F6E /* Model */ = {
			isa = PBXGroup;
			children = (
				A237E63B12AAF4F00089862B /* Camera.h */,
				A237E63C12AAF4F00089862B /* Camera.m */,
				A237E63D12AAF4F00089862B /* CameraBag.h */,
				A237E63E12AAF4F00089862B /* CameraBag.m */,
				A2E357951044DBDD003C449D /* CoC.h */,
				A2E357961044DBDD003C449D /* CoC.m */,
				A21DCD6B10EE748300139D93 /* DepthOfFieldCalculator.h */,
				A21DCD6C10EE748300139D93 /* DepthOfFieldCalculator.m */,
				A25BDF3210479BFE00B22B2B /* Lens.h */,
				A25BDF3310479BFE00B22B2B /* Lens.m */,
			);
			name = Model;
			path = ..;
			sourceTree = "<group>";
		};
		A2B372C60F754E8F00774532 /* images */ = {
			isa = PBXGroup;
			children = (
				A2027E860F7E8DF7003A1BBD /* distanceArrows.png */,
				A200F9E212541ABA006689F9 /* distanceArrows@2x.png */,
				A222FE82130729C600C0020B /* sliderThumbHighlighted.png */,
				A222FE83130729C600C0020B /* sliderThumbNormal.png */,
				A2B372C80F754EA700774532 /* sliderTrack.png */,
				A200F9E312541ABA006689F9 /* sliderTrack@2x.png */,
			);
			path = images;
			sourceTree = "<group>";
		};
		A2B95FA310715F6A0057A70E /* Lens View */ = {
			isa = PBXGroup;
			children = (
				A2B95FA410715FB80057A70E /* LensViewController.h */,
				A2B95FA510715FB80057A70E /* LensViewController.m */,
				A2116B03107D98E5009EE360 /* LensViewSections.h */,
				A2B95FAB107161BA0057A70E /* LensViewTableDataSource.h */,
				A2B95FAC107161BA0057A70E /* LensViewTableDataSource.m */,
			);
			name = "Lens View";
			sourceTree = "<group>";
		};
		A2D6241910424A2200B2F055 /* CoC View */ = {
			isa = PBXGroup;
			children = (
				A2D6241A10424A5600B2F055 /* CoCViewController.h */,
				A2D6241B10424A5600B2F055 /* CoCViewController.m */,
				A2D6245D104251AA00B2F055 /* CoCViewTableDataSource.h */,
				A2D6245E104251AA00B2F055 /* CoCViewTableDataSource.m */,
			);
			name = "CoC View";
			sourceTree = "<group>";
		};
/* End PBXGroup section */

/* Begin PBXNativeTarget section */
		1D6058900D05DD3D006BFB54 /* FieldTools */ = {
			isa = PBXNativeTarget;
			buildConfigurationList = 1D6058960D05DD3E006BFB54 /* Build configuration list for PBXNativeTarget "FieldTools" */;
			buildPhases = (
				1D60588D0D05DD3D006BFB54 /* Resources */,
				1D60588E0D05DD3D006BFB54 /* Sources */,
				1D60588F0D05DD3D006BFB54 /* Frameworks */,
			);
			buildRules = (
			);
			dependencies = (
			);
			name = FieldTools;
			productName = FieldTools;
			productReference = 1D6058910D05DD3D006BFB54 /* Field Tools.app */;
			productType = "com.apple.product-type.application";
		};
		A21DCD7D10EE7D0300139D93 /* ModelTests */ = {
			isa = PBXNativeTarget;
			buildConfigurationList = A21DCD8410EE7D0300139D93 /* Build configuration list for PBXNativeTarget "ModelTests" */;
			buildPhases = (
				A21DCD7910EE7D0300139D93 /* Resources */,
				A21DCD7A10EE7D0300139D93 /* Sources */,
				A21DCD7B10EE7D0300139D93 /* Frameworks */,
				A21DCD7C10EE7D0300139D93 /* ShellScript */,
			);
			buildRules = (
			);
			dependencies = (
				A265A25310F6E53100678796 /* PBXTargetDependency */,
			);
			name = ModelTests;
			productName = ModelTests;
			productReference = A21DCD7E10EE7D0300139D93 /* ModelTests.octest */;
			productType = "com.apple.product-type.bundle";
		};
/* End PBXNativeTarget section */

/* Begin PBXProject section */
		29B97313FDCFA39411CA2CEA /* Project object */ = {
			isa = PBXProject;
			buildConfigurationList = C01FCF4E08A954540054247B /* Build configuration list for PBXProject "FieldTools" */;
			compatibilityVersion = "Xcode 3.2";
			developmentRegion = English;
			hasScannedForEncodings = 1;
			knownRegions = (
				English,
				Japanese,
				French,
				German,
				en,
			);
			mainGroup = 29B97314FDCFA39411CA2CEA /* CustomTemplate */;
			projectDirPath = "";
			projectRoot = "";
			targets = (
				1D6058900D05DD3D006BFB54 /* FieldTools */,
				A21DCD7D10EE7D0300139D93 /* ModelTests */,
			);
		};
/* End PBXProject section */

/* Begin PBXResourcesBuildPhase section */
		1D60588D0D05DD3D006BFB54 /* Resources */ = {
			isa = PBXResourcesBuildPhase;
			buildActionMask = 2147483647;
			files = (
				28AD73600D9D9599002E5188 /* MainWindow.xib in Resources */,
				2899E5600DE3E45000AC0155 /* MainView.xib in Resources */,
				A24EF5790ECA853C001A7B46 /* Localizable.strings in Resources */,
				A24EF5BE0ECA8E22001A7B46 /* FieldTools.png in Resources */,
				A284E6F80EE45DA600C37E21 /* FlipsideView.xib in Resources */,
				A2C03D8F0F4F8C990031385C /* Entitlements.plist in Resources */,
				A2B372C90F754EA700774532 /* sliderTrack.png in Resources */,
				A2027E870F7E8DF7003A1BBD /* distanceArrows.png in Resources */,
				A261F8CF0FDCCAAA00C907AD /* CameraView.xib in Resources */,
				A2D6240A104248DA00B2F055 /* CoCView.xib in Resources */,
				A22C2452104387A1005BC94C /* CoC.plist in Resources */,
				A2B95F9F10715EDF0057A70E /* LensView.xib in Resources */,
				A28D89E3108D5A6D00C77FEA /* Default.png in Resources */,
				A28D89FD108D5ED000C77FEA /* CustomCoCView.xib in Resources */,
				A200F9D71254190F006689F9 /* Default@2x.png in Resources */,
				A200F9D81254190F006689F9 /* FieldTools-Small.png in Resources */,
				A200F9D91254190F006689F9 /* FieldTools-Small@2x.png in Resources */,
				A200F9DA1254190F006689F9 /* FieldTools@2x.png in Resources */,
				A200F9E412541ABA006689F9 /* distanceArrows@2x.png in Resources */,
				A200F9E512541ABA006689F9 /* sliderTrack@2x.png in Resources */,
				A222FE84130729C600C0020B /* sliderThumbHighlighted.png in Resources */,
				A222FE85130729C600C0020B /* sliderThumbNormal.png in Resources */,
			);
			runOnlyForDeploymentPostprocessing = 0;
		};
		A21DCD7910EE7D0300139D93 /* Resources */ = {
			isa = PBXResourcesBuildPhase;
			buildActionMask = 2147483647;
			files = (
				A265A2AE10F6F1D600678796 /* Localizable.strings in Resources */,
			);
			runOnlyForDeploymentPostprocessing = 0;
		};
/* End PBXResourcesBuildPhase section */

/* Begin PBXShellScriptBuildPhase section */
		A21DCD7C10EE7D0300139D93 /* ShellScript */ = {
			isa = PBXShellScriptBuildPhase;
			buildActionMask = 2147483647;
			files = (
			);
			inputPaths = (
			);
			outputPaths = (
			);
			runOnlyForDeploymentPostprocessing = 0;
			shellPath = /bin/sh;
			shellScript = "# Run the unit tests in this test bundle.\n\"${SYSTEM_DEVELOPER_DIR}/Tools/RunUnitTests\"\n";
		};
/* End PBXShellScriptBuildPhase section */

/* Begin PBXSourcesBuildPhase section */
		1D60588E0D05DD3D006BFB54 /* Sources */ = {
			isa = PBXSourcesBuildPhase;
			buildActionMask = 2147483647;
			files = (
				1D60589B0D05DD56006BFB54 /* main.m in Sources */,
				1D3623260D0F684500981E51 /* FieldToolsAppDelegate.m in Sources */,
				28C286E10D94DF7D0034E888 /* MainViewController.m in Sources */,
				A24EF5EC0ECA9415001A7B46 /* MainView.m in Sources */,
				A284E7020EE45DDE00C37E21 /* FlipsideViewController.m in Sources */,
				A284E7030EE45DDE00C37E21 /* RootViewController.m in Sources */,
				A2C70FE90F7562AF00484E24 /* ResultView.m in Sources */,
				A20D30630F7B333900A744C3 /* DistanceFormatter.m in Sources */,
				A22F4A560FC65326003A5E26 /* FlipsideTableViewDelegate.m in Sources */,
				A22F4A730FC654F0003A5E26 /* FlipsideNonEditingTableViewDelegate.m in Sources */,
				A22F4A920FC65793003A5E26 /* FlipsideEditingTableViewDelegate.m in Sources */,
				A2D64AA20FCF855B00E337D9 /* FlipsideTableViewDataSource.m in Sources */,
				A261F8C90FDCCA3600C907AD /* CameraViewController.m in Sources */,
				A24FF4A40FE0C4DD0073BC03 /* CameraViewTableDataSource.m in Sources */,
				A2BCB98F0FFDA823004F26EA /* EditableTableViewCell.m in Sources */,
				A2A0D30610156E3700A34735 /* TwoLabelTableViewCell.m in Sources */,
				A2D6241C10424A5600B2F055 /* CoCViewController.m in Sources */,
				A2D6245F104251AA00B2F055 /* CoCViewTableDataSource.m in Sources */,
				A2E357971044DBDD003C449D /* CoC.m in Sources */,
				A25BDF3410479BFE00B22B2B /* Lens.m in Sources */,
				A2B95FA610715FB80057A70E /* LensViewController.m in Sources */,
				A2B95FAD107161BA0057A70E /* LensViewTableDataSource.m in Sources */,
				A28D8A04108D5F2B00C77FEA /* CustomCoCViewController.m in Sources */,
				A28D8A49108D67F000C77FEA /* CustomCoCViewTableDataSource.m in Sources */,
				A21DCD6D10EE748300139D93 /* DepthOfFieldCalculator.m in Sources */,
				A265A29B10F6F00B00678796 /* UserDefaults.m in Sources */,
				A24E52DE11B5DD3E00516BE3 /* DistanceRange.m in Sources */,
				A28082DA11BBFAF70057669F /* StandardSubjectDistanceSliderPolicy.m in Sources */,
				A28082E211BBFBA80057669F /* StandardMetricSubjectDistanceSliderPolicy.m in Sources */,
				A28082F111BBFBFC0057669F /* StandardImperialSubjectDistanceSliderPolicy.m in Sources */,
				A2FDC0D511C9A48000CD7618 /* MacroSubjectDistanceSliderPolicy.m in Sources */,
				A2D458DA1246E69E00CCBACF /* MacroImperialSubjectDistanceSliderPolicy.m in Sources */,
				A2D458DB1246E69E00CCBACF /* MacroMetricSubjectDistanceSliderPolicy.m in Sources */,
				A2A45C48126B75EB00423D79 /* MacroDistanceFormatter.m in Sources */,
				A237E63F12AAF4F00089862B /* Camera.m in Sources */,
				A237E64012AAF4F00089862B /* CameraBag.m in Sources */,
				A2747BA512E25617002731EC /* OBSlider.m in Sources */,
				A2747BBE12E2803B002731EC /* SubjectDistanceSlider.m in Sources */,
				A2747BC212E2804B002731EC /* FocalLengthSlider.m in Sources */,
			);
			runOnlyForDeploymentPostprocessing = 0;
		};
		A21DCD7A10EE7D0300139D93 /* Sources */ = {
			isa = PBXSourcesBuildPhase;
			buildActionMask = 2147483647;
			files = (
				A21DCDA510EE7EE600139D93 /* DepthOfFieldCalculator.m in Sources */,
				A265A28810F6EA9F00678796 /* DistanceFormatter.m in Sources */,
				A265A28D10F6EDDC00678796 /* DistanceFormatterTests.m in Sources */,
				A265A28F10F6EDF700678796 /* DepthOfFieldCalculatorTests.m in Sources */,
				A265A29A10F6F00B00678796 /* UserDefaults.m in Sources */,
				A24E52DF11B5DD3E00516BE3 /* DistanceRange.m in Sources */,
				A28082D911BBFAF70057669F /* StandardSubjectDistanceSliderPolicy.m in Sources */,
				A28082E111BBFBA80057669F /* StandardMetricSubjectDistanceSliderPolicy.m in Sources */,
				A28082F011BBFBFC0057669F /* StandardImperialSubjectDistanceSliderPolicy.m in Sources */,
				A2FDC0D411C9A48000CD7618 /* MacroSubjectDistanceSliderPolicy.m in Sources */,
			);
			runOnlyForDeploymentPostprocessing = 0;
		};
/* End PBXSourcesBuildPhase section */

/* Begin PBXTargetDependency section */
		A265A25310F6E53100678796 /* PBXTargetDependency */ = {
			isa = PBXTargetDependency;
			target = 1D6058900D05DD3D006BFB54 /* FieldTools */;
			targetProxy = A265A25210F6E53100678796 /* PBXContainerItemProxy */;
		};
/* End PBXTargetDependency section */

/* Begin PBXVariantGroup section */
		A22C2451104387A1005BC94C /* CoC.plist */ = {
			isa = PBXVariantGroup;
			children = (
				A22C244E1043874D005BC94C /* English */,
			);
			name = CoC.plist;
			sourceTree = "<group>";
		};
		A24EF5770ECA853C001A7B46 /* Localizable.strings */ = {
			isa = PBXVariantGroup;
			children = (
				A24EF5780ECA853C001A7B46 /* English */,
			);
			name = Localizable.strings;
			sourceTree = "<group>";
		};
/* End PBXVariantGroup section */

/* Begin XCBuildConfiguration section */
		1D6058940D05DD3E006BFB54 /* Debug */ = {
			isa = XCBuildConfiguration;
			buildSettings = {
				ALWAYS_SEARCH_USER_PATHS = NO;
				"CODE_SIGN_IDENTITY[sdk=iphoneos*]" = "iPhone Developer: Brad Sokol (687QFLNJFV)";
				COPY_PHASE_STRIP = NO;
				GCC_DYNAMIC_NO_PIC = NO;
				GCC_OPTIMIZATION_LEVEL = 0;
				GCC_PRECOMPILE_PREFIX_HEADER = YES;
				GCC_PREFIX_HEADER = FieldTools_Prefix.pch;
				INFOPLIST_FILE = Info.plist;
				PRODUCT_NAME = "Field Tools";
			};
			name = Debug;
		};
		1D6058950D05DD3E006BFB54 /* Release */ = {
			isa = XCBuildConfiguration;
			buildSettings = {
				ALWAYS_SEARCH_USER_PATHS = NO;
				"CODE_SIGN_IDENTITY[sdk=iphoneos*]" = "iPhone Developer: Brad Sokol (687QFLNJFV)";
				COPY_PHASE_STRIP = YES;
				GCC_PRECOMPILE_PREFIX_HEADER = YES;
				GCC_PREFIX_HEADER = FieldTools_Prefix.pch;
				INFOPLIST_FILE = Info.plist;
				PRODUCT_NAME = "Field Tools";
			};
			name = Release;
		};
		A20C8E790F4A913F00B73E79 /* Distribution */ = {
			isa = XCBuildConfiguration;
			buildSettings = {
				ARCHS = "$(ARCHS_STANDARD_32_BIT)";
				"CODE_SIGN_IDENTITY[sdk=iphoneos*]" = "iPhone Developer";
				GCC_C_LANGUAGE_STANDARD = c99;
				GCC_WARN_ABOUT_RETURN_TYPE = YES;
				GCC_WARN_UNUSED_VARIABLE = YES;
				IPHONEOS_DEPLOYMENT_TARGET = 3.1;
				ONLY_ACTIVE_ARCH = YES;
				PREBINDING = NO;
				PRODUCT_NAME = "Field Tools";
				SDKROOT = iphoneos4.2;
				VALIDATE_PRODUCT = YES;
			};
			name = Distribution;
		};
		A20C8E7A0F4A913F00B73E79 /* Distribution */ = {
			isa = XCBuildConfiguration;
			buildSettings = {
				ALWAYS_SEARCH_USER_PATHS = NO;
				CODE_SIGN_ENTITLEMENTS = Entitlements.plist;
				CODE_SIGN_IDENTITY = "iPhone Developer: Brad Sokol (687QFLNJFV)";
				"CODE_SIGN_IDENTITY[sdk=iphoneos*]" = "iPhone Distribution: Brad Sokol";
				COPY_PHASE_STRIP = YES;
				GCC_PRECOMPILE_PREFIX_HEADER = YES;
				GCC_PREFIX_HEADER = FieldTools_Prefix.pch;
				INFOPLIST_FILE = Info.plist;
				PRODUCT_NAME = "Field Tools";
			};
			name = Distribution;
		};
		A21DCD8110EE7D0300139D93 /* Debug */ = {
			isa = XCBuildConfiguration;
			buildSettings = {
				ALWAYS_SEARCH_USER_PATHS = NO;
				COPY_PHASE_STRIP = NO;
				FRAMEWORK_SEARCH_PATHS = (
					"\"$(SDKROOT)/Developer/Library/Frameworks\"",
					"\"$(DEVELOPER_LIBRARY_DIR)/Frameworks\"",
				);
				GCC_DYNAMIC_NO_PIC = NO;
				GCC_ENABLE_FIX_AND_CONTINUE = NO;
				GCC_ENABLE_OBJC_EXCEPTIONS = YES;
				GCC_OPTIMIZATION_LEVEL = 0;
				GCC_PRECOMPILE_PREFIX_HEADER = YES;
				GCC_PREFIX_HEADER = ModelTests_Prefix.pch;
				INFOPLIST_FILE = "ModelTests-Info.plist";
				OTHER_LDFLAGS = (
					"-framework",
					Foundation,
					"-framework",
					SenTestingKit,
					"-framework",
					UIKit,
				);
				PREBINDING = NO;
				PRODUCT_NAME = ModelTests;
				WRAPPER_EXTENSION = octest;
			};
			name = Debug;
		};
		A21DCD8210EE7D0300139D93 /* Release */ = {
			isa = XCBuildConfiguration;
			buildSettings = {
				ALWAYS_SEARCH_USER_PATHS = NO;
				COPY_PHASE_STRIP = YES;
				DEBUG_INFORMATION_FORMAT = "dwarf-with-dsym";
				FRAMEWORK_SEARCH_PATHS = (
					"\"$(SDKROOT)/Developer/Library/Frameworks\"",
					"\"$(DEVELOPER_LIBRARY_DIR)/Frameworks\"",
				);
				GCC_ENABLE_FIX_AND_CONTINUE = NO;
				GCC_ENABLE_OBJC_EXCEPTIONS = YES;
				GCC_PRECOMPILE_PREFIX_HEADER = YES;
				GCC_PREFIX_HEADER = ModelTests_Prefix.pch;
				INFOPLIST_FILE = "ModelTests-Info.plist";
				OTHER_LDFLAGS = (
					"-framework",
					Foundation,
					"-framework",
					SenTestingKit,
					"-framework",
					UIKit,
				);
				PREBINDING = NO;
				PRODUCT_NAME = ModelTests;
				WRAPPER_EXTENSION = octest;
				ZERO_LINK = NO;
			};
			name = Release;
		};
		A21DCD8310EE7D0300139D93 /* Distribution */ = {
			isa = XCBuildConfiguration;
			buildSettings = {
				ALWAYS_SEARCH_USER_PATHS = NO;
				FRAMEWORK_SEARCH_PATHS = (
					"\"$(SDKROOT)/Developer/Library/Frameworks\"",
					"\"$(DEVELOPER_LIBRARY_DIR)/Frameworks\"",
				);
				GCC_ENABLE_FIX_AND_CONTINUE = NO;
				GCC_ENABLE_OBJC_EXCEPTIONS = YES;
				GCC_PRECOMPILE_PREFIX_HEADER = YES;
				GCC_PREFIX_HEADER = ModelTests_Prefix.pch;
				INFOPLIST_FILE = "ModelTests-Info.plist";
				OTHER_LDFLAGS = (
					"-framework",
					Foundation,
					"-framework",
					SenTestingKit,
					"-framework",
					UIKit,
				);
				PREBINDING = NO;
				PRODUCT_NAME = ModelTests;
				WRAPPER_EXTENSION = octest;
			};
			name = Distribution;
		};
		C01FCF4F08A954540054247B /* Debug */ = {
			isa = XCBuildConfiguration;
			buildSettings = {
				ARCHS = "$(ARCHS_STANDARD_32_BIT)";
				"CODE_SIGN_IDENTITY[sdk=iphoneos*]" = "iPhone Developer: Brad Sokol (687QFLNJFV)";
				GCC_C_LANGUAGE_STANDARD = c99;
				GCC_WARN_ABOUT_RETURN_TYPE = YES;
				GCC_WARN_UNUSED_VARIABLE = YES;
				IPHONEOS_DEPLOYMENT_TARGET = 3.1;
				ONLY_ACTIVE_ARCH = YES;
				OTHER_CFLAGS = "-DDEBUG=1";
				PREBINDING = NO;
				PRODUCT_NAME = "Field Tools";
				SDKROOT = iphoneos4.2;
				VALIDATE_PRODUCT = YES;
			};
			name = Debug;
		};
		C01FCF5008A954540054247B /* Release */ = {
			isa = XCBuildConfiguration;
			buildSettings = {
				ARCHS = "$(ARCHS_STANDARD_32_BIT)";
				"CODE_SIGN_IDENTITY[sdk=iphoneos*]" = "iPhone Developer";
				GCC_C_LANGUAGE_STANDARD = c99;
				GCC_WARN_ABOUT_RETURN_TYPE = YES;
				GCC_WARN_UNUSED_VARIABLE = YES;
				IPHONEOS_DEPLOYMENT_TARGET = 3.1;
				ONLY_ACTIVE_ARCH = YES;
				PREBINDING = NO;
				PRODUCT_NAME = "Field Tools";
				SDKROOT = iphoneos4.2;
				VALIDATE_PRODUCT = YES;
			};
			name = Release;
		};
/* End XCBuildConfiguration section */

/* Begin XCConfigurationList section */
		1D6058960D05DD3E006BFB54 /* Build configuration list for PBXNativeTarget "FieldTools" */ = {
			isa = XCConfigurationList;
			buildConfigurations = (
				1D6058940D05DD3E006BFB54 /* Debug */,
				1D6058950D05DD3E006BFB54 /* Release */,
				A20C8E7A0F4A913F00B73E79 /* Distribution */,
			);
			defaultConfigurationIsVisible = 0;
			defaultConfigurationName = Release;
		};
		A21DCD8410EE7D0300139D93 /* Build configuration list for PBXNativeTarget "ModelTests" */ = {
			isa = XCConfigurationList;
			buildConfigurations = (
				A21DCD8110EE7D0300139D93 /* Debug */,
				A21DCD8210EE7D0300139D93 /* Release */,
				A21DCD8310EE7D0300139D93 /* Distribution */,
			);
			defaultConfigurationIsVisible = 0;
			defaultConfigurationName = Release;
		};
		C01FCF4E08A954540054247B /* Build configuration list for PBXProject "FieldTools" */ = {
			isa = XCConfigurationList;
			buildConfigurations = (
				C01FCF4F08A954540054247B /* Debug */,
				C01FCF5008A954540054247B /* Release */,
				A20C8E790F4A913F00B73E79 /* Distribution */,
			);
			defaultConfigurationIsVisible = 0;
			defaultConfigurationName = Release;
		};
/* End XCConfigurationList section */
	};
	rootObject = 29B97313FDCFA39411CA2CEA /* Project object */;
}
